
Microsoft Visual Studio Solution File, Format Version 12.00
# Visual Studio Version 16
VisualStudioVersion = 16.0.31229.75
MinimumVisualStudioVersion = 10.0.40219.1
Project("{FAE04EC0-301F-11D3-BF4B-00C04F79EFBC}") = "JARdineria.Android", "JARdineria\JARdineria.Android\JARdineria.Android.csproj", "{52D9C7A0-421C-4246-B8C7-25581F0B3302}"
EndProject
Project("{FAE04EC0-301F-11D3-BF4B-00C04F79EFBC}") = "JARdineria", "JARdineria\JARdineria\JARdineria.csproj", "{9BCF6537-0247-4370-86D9-591D27BE5979}"
EndProject
Global
	GlobalSection(SolutionConfigurationPlatforms) = preSolution
		Debug|Any CPU = Debug|Any CPU
		Release|Any CPU = Release|Any CPU
	EndGlobalSection
	GlobalSection(ProjectConfigurationPlatforms) = postSolution
		{52D9C7A0-421C-4246-B8C7-25581F0B3302}.Debug|Any CPU.ActiveCfg = Debug|Any CPU
		{52D9C7A0-421C-4246-B8C7-25581F0B3302}.Debug|Any CPU.Build.0 = Debug|Any CPU
		{52D9C7A0-421C-4246-B8C7-25581F0B3302}.Debug|Any CPU.Deploy.0 = Debug|Any CPU
		{52D9C7A0-421C-4246-B8C7-25581F0B3302}.Release|Any CPU.ActiveCfg = Release|Any CPU
		{52D9C7A0-421C-4246-B8C7-25581F0B3302}.Release|Any CPU.Build.0 = Release|Any CPU
		{52D9C7A0-421C-4246-B8C7-25581F0B3302}.Release|Any CPU.Deploy.0 = Release|Any CPU
		{9BCF6537-0247-4370-86D9-591D27BE5979}.Debug|Any CPU.ActiveCfg = Debug|Any CPU
		{9BCF6537-0247-4370-86D9-591D27BE5979}.Debug|Any CPU.Build.0 = Debug|Any CPU
		{9BCF6537-0247-4370-86D9-591D27BE5979}.Debug|Any CPU.Deploy.0 = Debug|Any CPU
		{9BCF6537-0247-4370-86D9-591D27BE5979}.Release|Any CPU.ActiveCfg = Release|Any CPU
		{9BCF6537-0247-4370-86D9-591D27BE5979}.Release|Any CPU.Build.0 = Release|Any CPU
		{9BCF6537-0247-4370-86D9-591D27BE5979}.Release|Any CPU.Deploy.0 = Release|Any CPU
	EndGlobalSection
	GlobalSection(SolutionProperties) = preSolution
		HideSolutionNode = FALSE
	EndGlobalSection
	GlobalSection(ExtensibilityGlobals) = postSolution
		SolutionGuid = {D8D3AB90-0191-4AB9-8AD2-D420CCE42FB5}
	EndGlobalSection
EndGlobal
